{
  "version": 4,
  "terraform_version": "1.5.7",
  "serial": 5,
  "lineage": "03121c9b-d4ac-0e35-8210-b5b4c7a9948e",
  "outputs": {
    "backend_config": {
      "value": "# Add this to your main Terraform configuration:\nterraform {\n  backend \"azurerm\" {\n    resource_group_name  = \"terraform-state-rg\"\n    storage_account_name = \"tfstate9o3t4rqe\"\n    container_name       = \"tfstate\"\n    key                  = \"terraform.tfstate\"\n  }\n}\n",
      "type": "string"
    },
    "container_name": {
      "value": "tfstate",
      "type": "string"
    },
    "resource_group_name": {
      "value": "terraform-state-rg",
      "type": "string"
    },
    "storage_account_name": {
      "value": "tfstate9o3t4rqe",
      "type": "string"
    },
    "storage_account_primary_access_key": {
      "value": "ESg8X4WiLwR66+TIe963rS5yO4DW/AcfG9ZIsYcdtYP9C632UWaTlaENWeXlQL4bAPyo/jUYgG9e+ASt2fndAQ==",
      "type": "string",
      "sensitive": true
    }
  },
  "resources": [
    {
      "mode": "managed",
      "type": "azurerm_resource_group",
      "name": "terraform_state_rg",
      "provider": "provider[\"registry.terraform.io/hashicorp/azurerm\"]",
      "instances": [
        {
          "schema_version": 0,
          "attributes": {
            "id": "/subscriptions/5a9c5240-bc27-4e2d-8ac3-25b0a4acb206/resourceGroups/terraform-state-rg",
            "location": "germanywestcentral",
            "managed_by": "",
            "name": "terraform-state-rg",
            "tags": {
              "CreatedBy": "Terraform Bootstrap",
              "Environment": "Infrastructure",
              "Project": "KisaanCenter",
              "Purpose": "Terraform State Management"
            },
            "timeouts": null
          },
          "sensitive_attributes": [],
          "private": "eyJlMmJmYjczMC1lY2FhLTExZTYtOGY4OC0zNDM2M2JjN2M0YzAiOnsiY3JlYXRlIjo1NDAwMDAwMDAwMDAwLCJkZWxldGUiOjU0MDAwMDAwMDAwMDAsInJlYWQiOjMwMDAwMDAwMDAwMCwidXBkYXRlIjo1NDAwMDAwMDAwMDAwfX0="
        }
      ]
    },
    {
      "mode": "managed",
      "type": "azurerm_storage_account",
      "name": "terraform_state",
      "provider": "provider[\"registry.terraform.io/hashicorp/azurerm\"]",
      "instances": [
        {
          "schema_version": 4,
          "attributes": {
            "access_tier": "Hot",
            "account_kind": "StorageV2",
            "account_replication_type": "LRS",
            "account_tier": "Standard",
            "allow_nested_items_to_be_public": true,
            "allowed_copy_scope": "",
            "azure_files_authentication": [],
            "blob_properties": [
              {
                "change_feed_enabled": false,
                "change_feed_retention_in_days": 0,
                "container_delete_retention_policy": [],
                "cors_rule": [],
                "default_service_version": "",
                "delete_retention_policy": [
                  {
                    "days": 30,
                    "permanent_delete_enabled": false
                  }
                ],
                "last_access_time_enabled": false,
                "restore_policy": [],
                "versioning_enabled": true
              }
            ],
            "cross_tenant_replication_enabled": true,
            "custom_domain": [],
            "customer_managed_key": [],
            "default_to_oauth_authentication": false,
            "dns_endpoint_type": "Standard",
            "edge_zone": "",
            "enable_https_traffic_only": true,
            "https_traffic_only_enabled": true,
            "id": "/subscriptions/5a9c5240-bc27-4e2d-8ac3-25b0a4acb206/resourceGroups/terraform-state-rg/providers/Microsoft.Storage/storageAccounts/tfstate9o3t4rqe",
            "identity": [],
            "immutability_policy": [],
            "infrastructure_encryption_enabled": false,
            "is_hns_enabled": false,
            "large_file_share_enabled": false,
            "local_user_enabled": true,
            "location": "germanywestcentral",
            "min_tls_version": "TLS1_2",
            "name": "tfstate9o3t4rqe",
            "network_rules": [],
            "nfsv3_enabled": false,
            "primary_access_key": "ESg8X4WiLwR66+TIe963rS5yO4DW/AcfG9ZIsYcdtYP9C632UWaTlaENWeXlQL4bAPyo/jUYgG9e+ASt2fndAQ==",
            "primary_blob_connection_string": "DefaultEndpointsProtocol=https;BlobEndpoint=https://tfstate9o3t4rqe.blob.core.windows.net/;AccountName=tfstate9o3t4rqe;AccountKey=ESg8X4WiLwR66+TIe963rS5yO4DW/AcfG9ZIsYcdtYP9C632UWaTlaENWeXlQL4bAPyo/jUYgG9e+ASt2fndAQ==",
            "primary_blob_endpoint": "https://tfstate9o3t4rqe.blob.core.windows.net/",
            "primary_blob_host": "tfstate9o3t4rqe.blob.core.windows.net",
            "primary_blob_internet_endpoint": "",
            "primary_blob_internet_host": "",
            "primary_blob_microsoft_endpoint": "",
            "primary_blob_microsoft_host": "",
            "primary_connection_string": "DefaultEndpointsProtocol=https;AccountName=tfstate9o3t4rqe;AccountKey=ESg8X4WiLwR66+TIe963rS5yO4DW/AcfG9ZIsYcdtYP9C632UWaTlaENWeXlQL4bAPyo/jUYgG9e+ASt2fndAQ==;EndpointSuffix=core.windows.net",
            "primary_dfs_endpoint": "https://tfstate9o3t4rqe.dfs.core.windows.net/",
            "primary_dfs_host": "tfstate9o3t4rqe.dfs.core.windows.net",
            "primary_dfs_internet_endpoint": "",
            "primary_dfs_internet_host": "",
            "primary_dfs_microsoft_endpoint": "",
            "primary_dfs_microsoft_host": "",
            "primary_file_endpoint": "https://tfstate9o3t4rqe.file.core.windows.net/",
            "primary_file_host": "tfstate9o3t4rqe.file.core.windows.net",
            "primary_file_internet_endpoint": "",
            "primary_file_internet_host": "",
            "primary_file_microsoft_endpoint": "",
            "primary_file_microsoft_host": "",
            "primary_location": "germanywestcentral",
            "primary_queue_endpoint": "https://tfstate9o3t4rqe.queue.core.windows.net/",
            "primary_queue_host": "tfstate9o3t4rqe.queue.core.windows.net",
            "primary_queue_microsoft_endpoint": "",
            "primary_queue_microsoft_host": "",
            "primary_table_endpoint": "https://tfstate9o3t4rqe.table.core.windows.net/",
            "primary_table_host": "tfstate9o3t4rqe.table.core.windows.net",
            "primary_table_microsoft_endpoint": "",
            "primary_table_microsoft_host": "",
            "primary_web_endpoint": "https://tfstate9o3t4rqe.z1.web.core.windows.net/",
            "primary_web_host": "tfstate9o3t4rqe.z1.web.core.windows.net",
            "primary_web_internet_endpoint": "",
            "primary_web_internet_host": "",
            "primary_web_microsoft_endpoint": "",
            "primary_web_microsoft_host": "",
            "public_network_access_enabled": true,
            "queue_encryption_key_type": "Service",
            "queue_properties": [
              {
                "cors_rule": [],
                "hour_metrics": [
                  {
                    "enabled": false,
                    "include_apis": false,
                    "retention_policy_days": 0,
                    "version": "1.0"
                  }
                ],
                "logging": [
                  {
                    "delete": false,
                    "read": false,
                    "retention_policy_days": 0,
                    "version": "1.0",
                    "write": false
                  }
                ],
                "minute_metrics": [
                  {
                    "enabled": false,
                    "include_apis": false,
                    "retention_policy_days": 0,
                    "version": "1.0"
                  }
                ]
              }
            ],
            "resource_group_name": "terraform-state-rg",
            "routing": [],
            "sas_policy": [],
            "secondary_access_key": "TAuNdEbYuw2CqEYeI0dDSQ22UvqEB3yzjfQ72BjkmjlMkW47t5V3D79S6xDqJqlVyPvJ8hGmW8Id+ASt4GD/Rg==",
            "secondary_blob_connection_string": "",
            "secondary_blob_endpoint": "",
            "secondary_blob_host": "",
            "secondary_blob_internet_endpoint": "",
            "secondary_blob_internet_host": "",
            "secondary_blob_microsoft_endpoint": "",
            "secondary_blob_microsoft_host": "",
            "secondary_connection_string": "DefaultEndpointsProtocol=https;AccountName=tfstate9o3t4rqe;AccountKey=TAuNdEbYuw2CqEYeI0dDSQ22UvqEB3yzjfQ72BjkmjlMkW47t5V3D79S6xDqJqlVyPvJ8hGmW8Id+ASt4GD/Rg==;EndpointSuffix=core.windows.net",
            "secondary_dfs_endpoint": "",
            "secondary_dfs_host": "",
            "secondary_dfs_internet_endpoint": "",
            "secondary_dfs_internet_host": "",
            "secondary_dfs_microsoft_endpoint": "",
            "secondary_dfs_microsoft_host": "",
            "secondary_file_endpoint": "",
            "secondary_file_host": "",
            "secondary_file_internet_endpoint": "",
            "secondary_file_internet_host": "",
            "secondary_file_microsoft_endpoint": "",
            "secondary_file_microsoft_host": "",
            "secondary_location": "",
            "secondary_queue_endpoint": "",
            "secondary_queue_host": "",
            "secondary_queue_microsoft_endpoint": "",
            "secondary_queue_microsoft_host": "",
            "secondary_table_endpoint": "",
            "secondary_table_host": "",
            "secondary_table_microsoft_endpoint": "",
            "secondary_table_microsoft_host": "",
            "secondary_web_endpoint": "",
            "secondary_web_host": "",
            "secondary_web_internet_endpoint": "",
            "secondary_web_internet_host": "",
            "secondary_web_microsoft_endpoint": "",
            "secondary_web_microsoft_host": "",
            "sftp_enabled": false,
            "share_properties": [
              {
                "cors_rule": [],
                "retention_policy": [
                  {
                    "days": 7
                  }
                ],
                "smb": []
              }
            ],
            "shared_access_key_enabled": true,
            "static_website": [],
            "table_encryption_key_type": "Service",
            "tags": {
              "CreatedBy": "Terraform Bootstrap",
              "Environment": "Infrastructure",
              "Project": "KisaanCenter",
              "Purpose": "Terraform State Storage"
            },
            "timeouts": null
          },
          "sensitive_attributes": [],
          "private": "eyJlMmJmYjczMC1lY2FhLTExZTYtOGY4OC0zNDM2M2JjN2M0YzAiOnsiY3JlYXRlIjozNjAwMDAwMDAwMDAwLCJkZWxldGUiOjM2MDAwMDAwMDAwMDAsInJlYWQiOjMwMDAwMDAwMDAwMCwidXBkYXRlIjozNjAwMDAwMDAwMDAwfSwic2NoZW1hX3ZlcnNpb24iOiI0In0=",
          "dependencies": [
            "azurerm_resource_group.terraform_state_rg",
            "random_string.storage_account_suffix"
          ]
        }
      ]
    },
    {
      "mode": "managed",
      "type": "azurerm_storage_container",
      "name": "terraform_state_container",
      "provider": "provider[\"registry.terraform.io/hashicorp/azurerm\"]",
      "instances": [
        {
          "schema_version": 1,
          "attributes": {
            "container_access_type": "private",
            "default_encryption_scope": "$account-encryption-key",
            "encryption_scope_override_enabled": true,
            "has_immutability_policy": false,
            "has_legal_hold": false,
            "id": "https://tfstate9o3t4rqe.blob.core.windows.net/tfstate",
            "metadata": {},
            "name": "tfstate",
            "resource_manager_id": "/subscriptions/5a9c5240-bc27-4e2d-8ac3-25b0a4acb206/resourceGroups/terraform-state-rg/providers/Microsoft.Storage/storageAccounts/tfstate9o3t4rqe/blobServices/default/containers/tfstate",
            "storage_account_name": "tfstate9o3t4rqe",
            "timeouts": null
          },
          "sensitive_attributes": [],
          "private": "eyJlMmJmYjczMC1lY2FhLTExZTYtOGY4OC0zNDM2M2JjN2M0YzAiOnsiY3JlYXRlIjoxODAwMDAwMDAwMDAwLCJkZWxldGUiOjE4MDAwMDAwMDAwMDAsInJlYWQiOjMwMDAwMDAwMDAwMCwidXBkYXRlIjoxODAwMDAwMDAwMDAwfSwic2NoZW1hX3ZlcnNpb24iOiIxIn0=",
          "dependencies": [
            "azurerm_resource_group.terraform_state_rg",
            "azurerm_storage_account.terraform_state",
            "random_string.storage_account_suffix"
          ]
        }
      ]
    },
    {
      "mode": "managed",
      "type": "random_string",
      "name": "storage_account_suffix",
      "provider": "provider[\"registry.terraform.io/hashicorp/random\"]",
      "instances": [
        {
          "schema_version": 2,
          "attributes": {
            "id": "9o3t4rqe",
            "keepers": null,
            "length": 8,
            "lower": true,
            "min_lower": 0,
            "min_numeric": 0,
            "min_special": 0,
            "min_upper": 0,
            "number": true,
            "numeric": true,
            "override_special": null,
            "result": "9o3t4rqe",
            "special": false,
            "upper": false
          },
          "sensitive_attributes": []
        }
      ]
    }
  ],
  "check_results": null
}
